
Microsoft Visual Studio Solution File, Format Version 12.00
# Visual Studio 15
VisualStudioVersion = 15.0.28307.168
MinimumVisualStudioVersion = 10.0.40219.1
Project("{FAE04EC0-301F-11D3-BF4B-00C04F79EFBC}") = "E-InvoiceSolution", "E-InvoiceSolution\E-InvoiceSolution.csproj", "{BBAE6F46-5428-4158-AD84-BB0D330162DB}"
EndProject
Global
	GlobalSection(SolutionConfigurationPlatforms) = preSolution
		Debug|Any CPU = Debug|Any CPU
		Release|Any CPU = Release|Any CPU
	EndGlobalSection
	GlobalSection(ProjectConfigurationPlatforms) = postSolution
		{BBAE6F46-5428-4158-AD84-BB0D330162DB}.Debug|Any CPU.ActiveCfg = Debug|Any CPU
		{BBAE6F46-5428-4158-AD84-BB0D330162DB}.Debug|Any CPU.Build.0 = Debug|Any CPU
		{BBAE6F46-5428-4158-AD84-BB0D330162DB}.Release|Any CPU.ActiveCfg = Release|Any CPU
		{BBAE6F46-5428-4158-AD84-BB0D330162DB}.Release|Any CPU.Build.0 = Release|Any CPU
	EndGlobalSection
	GlobalSection(SolutionProperties) = preSolution
		HideSolutionNode = FALSE
	EndGlobalSection
	GlobalSection(ExtensibilityGlobals) = postSolution
		SolutionGuid = {95C6A592-DE82-4E60-85B4-0E6E832B2CFF}
	EndGlobalSection
EndGlobal
